# THIS IS AN AUTOGENERATED FILE. DO NOT EDIT THIS FILE DIRECTLY.
# yarn lockfile v1


monocle-ts@^2.3.3:
  version "2.3.3"
  resolved "https://registry.yarnpkg.com/monocle-ts/-/monocle-ts-2.3.3.tgz#1e6d83dcf42bcb96b74fdda07813c2a47ec6cfa4"
  integrity sha512-pcQyauWO2vapxyZgbhTd73Dv8TmTELx1rL81bvrtPO2sUYTi1MIHmw3j/iMyeNaJwTmnGNAjqJpYV8Gq1Eu68g==
